// !$*UTF8*$!
{
	archiveVersion = 1;
	classes = {
	};
	objectVersion = 50;
	objects = {

/* Begin PBXBuildFile section */
		D9325AB625974D5E005A785D /* HotDogNet.mlmodel in Sources */ = {isa = PBXBuildFile; fileRef = D9325AB525974D5E005A785D /* HotDogNet.mlmodel */; };
		D947C7362595355C0026589E /* SeeFoodApp.swift in Sources */ = {isa = PBXBuildFile; fileRef = D947C7352595355C0026589E /* SeeFoodApp.swift */; };
		D947C7382595355C0026589E /* ContentView.swift in Sources */ = {isa = PBXBuildFile; fileRef = D947C7372595355C0026589E /* ContentView.swift */; };
		D947C73A2595355C0026589E /* Assets.xcassets in Resources */ = {isa = PBXBuildFile; fileRef = D947C7392595355C0026589E /* Assets.xcassets */; };
		D947C73D2595355C0026589E /* Preview Assets.xcassets in Resources */ = {isa = PBXBuildFile; fileRef = D947C73C2595355C0026589E /* Preview Assets.xcassets */; };
		D947C73F2595355C0026589E /* Persistence.swift in Sources */ = {isa = PBXBuildFile; fileRef = D947C73E2595355C0026589E /* Persistence.swift */; };
		D947C7422595355D0026589E /* SeeFood.xcdatamodeld in Sources */ = {isa = PBXBuildFile; fileRef = D947C7402595355C0026589E /* SeeFood.xcdatamodeld */; };
		D947C74B259538860026589E /* SeeFoodView.swift in Sources */ = {isa = PBXBuildFile; fileRef = D947C74A259538860026589E /* SeeFoodView.swift */; };
		D947C74E25956D130026589E /* ImagePicker.swift in Sources */ = {isa = PBXBuildFile; fileRef = D947C74D25956D130026589E /* ImagePicker.swift */; };
		D947C75425958ADB0026589E /* Classifier.swift in Sources */ = {isa = PBXBuildFile; fileRef = D947C75325958ADB0026589E /* Classifier.swift */; };
		D947C7642595C3170026589E /* CGImagePropertyOrientationExtensions.swift in Sources */ = {isa = PBXBuildFile; fileRef = D947C7632595C3170026589E /* CGImagePropertyOrientationExtensions.swift */; };
/* End PBXBuildFile section */

/* Begin PBXFileReference section */
		D9325AB525974D5E005A785D /* HotDogNet.mlmodel */ = {isa = PBXFileReference; lastKnownFileType = file.mlmodel; name = HotDogNet.mlmodel; path = Models/HotDogNet.mlmodel; sourceTree = SOURCE_ROOT; };
		D947C7322595355C0026589E /* SeeFood.app */ = {isa = PBXFileReference; explicitFileType = wrapper.application; includeInIndex = 0; path = SeeFood.app; sourceTree = BUILT_PRODUCTS_DIR; };
		D947C7352595355C0026589E /* SeeFoodApp.swift */ = {isa = PBXFileReference; lastKnownFileType = sourcecode.swift; path = SeeFoodApp.swift; sourceTree = "<group>"; };
		D947C7372595355C0026589E /* ContentView.swift */ = {isa = PBXFileReference; lastKnownFileType = sourcecode.swift; path = ContentView.swift; sourceTree = "<group>"; };
		D947C7392595355C0026589E /* Assets.xcassets */ = {isa = PBXFileReference; lastKnownFileType = folder.assetcatalog; path = Assets.xcassets; sourceTree = "<group>"; };
		D947C73C2595355C0026589E /* Preview Assets.xcassets */ = {isa = PBXFileReference; lastKnownFileType = folder.assetcatalog; path = "Preview Assets.xcassets"; sourceTree = "<group>"; };
		D947C73E2595355C0026589E /* Persistence.swift */ = {isa = PBXFileReference; lastKnownFileType = sourcecode.swift; path = Persistence.swift; sourceTree = "<group>"; };
		D947C7412595355C0026589E /* SeeFood.xcdatamodel */ = {isa = PBXFileReference; lastKnownFileType = wrapper.xcdatamodel; path = SeeFood.xcdatamodel; sourceTree = "<group>"; };
		D947C7432595355D0026589E /* Info.plist */ = {isa = PBXFileReference; lastKnownFileType = text.plist.xml; path = Info.plist; sourceTree = "<group>"; };
		D947C74A259538860026589E /* SeeFoodView.swift */ = {isa = PBXFileReference; lastKnownFileType = sourcecode.swift; path = SeeFoodView.swift; sourceTree = "<group>"; };
		D947C74D25956D130026589E /* ImagePicker.swift */ = {isa = PBXFileReference; lastKnownFileType = sourcecode.swift; path = ImagePicker.swift; sourceTree = "<group>"; };
		D947C75325958ADB0026589E /* Classifier.swift */ = {isa = PBXFileReference; lastKnownFileType = sourcecode.swift; path = Classifier.swift; sourceTree = "<group>"; };
		D947C7632595C3170026589E /* CGImagePropertyOrientationExtensions.swift */ = {isa = PBXFileReference; lastKnownFileType = sourcecode.swift; path = CGImagePropertyOrientationExtensions.swift; sourceTree = "<group>"; };
/* End PBXFileReference section */

/* Begin PBXFrameworksBuildPhase section */
		D947C72F2595355C0026589E /* Frameworks */ = {
			isa = PBXFrameworksBuildPhase;
			buildActionMask = 2147483647;
			files = (
			);
			runOnlyForDeploymentPostprocessing = 0;
		};
/* End PBXFrameworksBuildPhase section */

/* Begin PBXGroup section */
		D947C7292595355C0026589E = {
			isa = PBXGroup;
			children = (
				D947C7342595355C0026589E /* SeeFood */,
				D947C7332595355C0026589E /* Products */,
			);
			sourceTree = "<group>";
		};
		D947C7332595355C0026589E /* Products */ = {
			isa = PBXGroup;
			children = (
				D947C7322595355C0026589E /* SeeFood.app */,
			);
			name = Products;
			sourceTree = "<group>";
		};
		D947C7342595355C0026589E /* SeeFood */ = {
			isa = PBXGroup;
			children = (
				D947C7352595355C0026589E /* SeeFoodApp.swift */,
				D947C7372595355C0026589E /* ContentView.swift */,
				D947C7392595355C0026589E /* Assets.xcassets */,
				D947C73E2595355C0026589E /* Persistence.swift */,
				D947C7432595355D0026589E /* Info.plist */,
				D9325AB525974D5E005A785D /* HotDogNet.mlmodel */,
				D947C7402595355C0026589E /* SeeFood.xcdatamodeld */,
				D947C73B2595355C0026589E /* Preview Content */,
				D947C74A259538860026589E /* SeeFoodView.swift */,
				D947C74D25956D130026589E /* ImagePicker.swift */,
				D947C75325958ADB0026589E /* Classifier.swift */,
				D947C7632595C3170026589E /* CGImagePropertyOrientationExtensions.swift */,
			);
			path = SeeFood;
			sourceTree = "<group>";
		};
		D947C73B2595355C0026589E /* Preview Content */ = {
			isa = PBXGroup;
			children = (
				D947C73C2595355C0026589E /* Preview Assets.xcassets */,
			);
			path = "Preview Content";
			sourceTree = "<group>";
		};
/* End PBXGroup section */

/* Begin PBXNativeTarget section */
		D947C7312595355C0026589E /* SeeFood */ = {
			isa = PBXNativeTarget;
			buildConfigurationList = D947C7462595355D0026589E /* Build configuration list for PBXNativeTarget "SeeFood" */;
			buildPhases = (
				D947C72E2595355C0026589E /* Sources */,
				D947C72F2595355C0026589E /* Frameworks */,
				D947C7302595355C0026589E /* Resources */,
			);
			buildRules = (
			);
			dependencies = (
			);
			name = SeeFood;
			productName = SeeFood;
			productReference = D947C7322595355C0026589E /* SeeFood.app */;
			productType = "com.apple.product-type.application";
		};
/* End PBXNativeTarget section */

/* Begin PBXProject section */
		D947C72A2595355C0026589E /* Project object */ = {
			isa = PBXProject;
			attributes = {
				LastSwiftUpdateCheck = 1230;
				LastUpgradeCheck = 1230;
				TargetAttributes = {
					D947C7312595355C0026589E = {
						CreatedOnToolsVersion = 12.3;
					};
				};
			};
			buildConfigurationList = D947C72D2595355C0026589E /* Build configuration list for PBXProject "SeeFood" */;
			compatibilityVersion = "Xcode 9.3";
			developmentRegion = en;
			hasScannedForEncodings = 0;
			knownRegions = (
				en,
				Base,
			);
			mainGroup = D947C7292595355C0026589E;
			productRefGroup = D947C7332595355C0026589E /* Products */;
			projectDirPath = "";
			projectRoot = "";
			targets = (
				D947C7312595355C0026589E /* SeeFood */,
			);
		};
/* End PBXProject section */

/* Begin PBXResourcesBuildPhase section */
		D947C7302595355C0026589E /* Resources */ = {
			isa = PBXResourcesBuildPhase;
			buildActionMask = 2147483647;
			files = (
				D947C73D2595355C0026589E /* Preview Assets.xcassets in Resources */,
				D947C73A2595355C0026589E /* Assets.xcassets in Resources */,
			);
			runOnlyForDeploymentPostprocessing = 0;
		};
/* End PBXResourcesBuildPhase section */

/* Begin PBXSourcesBuildPhase section */
		D947C72E2595355C0026589E /* Sources */ = {
			isa = PBXSourcesBuildPhase;
			buildActionMask = 2147483647;
			files = (
				D947C75425958ADB0026589E /* Classifier.swift in Sources */,
				D9325AB625974D5E005A785D /* HotDogNet.mlmodel in Sources */,
				D947C74B259538860026589E /* SeeFoodView.swift in Sources */,
				D947C73F2595355C0026589E /* Persistence.swift in Sources */,
				D947C7642595C3170026589E /* CGImagePropertyOrientationExtensions.swift in Sources */,
				D947C7382595355C0026589E /* ContentView.swift in Sources */,
				D947C74E25956D130026589E /* ImagePicker.swift in Sources */,
				D947C7362595355C0026589E /* SeeFoodApp.swift in Sources */,
				D947C7422595355D0026589E /* SeeFood.xcdatamodeld in Sources */,
			);
			runOnlyForDeploymentPostprocessing = 0;
		};
/* End PBXSourcesBuildPhase section */

/* Begin XCBuildConfiguration section */
		D947C7442595355D0026589E /* Debug */ = {
			isa = XCBuildConfiguration;
			buildSettings = {
				ALWAYS_SEARCH_USER_PATHS = NO;
				CLANG_ANALYZER_NONNULL = YES;
				CLANG_ANALYZER_NUMBER_OBJECT_CONVERSION = YES_AGGRESSIVE;
				CLANG_CXX_LANGUAGE_STANDARD = "gnu++14";
				CLANG_CXX_LIBRARY = "libc++";
				CLANG_ENABLE_MODULES = YES;
				CLANG_ENABLE_OBJC_ARC = YES;
				CLANG_ENABLE_OBJC_WEAK = YES;
				CLANG_WARN_BLOCK_CAPTURE_AUTORELEASING = YES;
				CLANG_WARN_BOOL_CONVERSION = YES;
				CLANG_WARN_COMMA = YES;
				CLANG_WARN_CONSTANT_CONVERSION = YES;
				CLANG_WARN_DEPRECATED_OBJC_IMPLEMENTATIONS = YES;
				CLANG_WARN_DIRECT_OBJC_ISA_USAGE = YES_ERROR;
				CLANG_WARN_DOCUMENTATION_COMMENTS = YES;
				CLANG_WARN_EMPTY_BODY = YES;
				CLANG_WARN_ENUM_CONVERSION = YES;
				CLANG_WARN_INFINITE_RECURSION = YES;
				CLANG_WARN_INT_CONVERSION = YES;
				CLANG_WARN_NON_LITERAL_NULL_CONVERSION = YES;
				CLANG_WARN_OBJC_IMPLICIT_RETAIN_SELF = YES;
				CLANG_WARN_OBJC_LITERAL_CONVERSION = YES;
				CLANG_WARN_OBJC_ROOT_CLASS = YES_ERROR;
				CLANG_WARN_QUOTED_INCLUDE_IN_FRAMEWORK_HEADER = YES;
				CLANG_WARN_RANGE_LOOP_ANALYSIS = YES;
				CLANG_WARN_STRICT_PROTOTYPES = YES;
				CLANG_WARN_SUSPICIOUS_MOVE = YES;
				CLANG_WARN_UNGUARDED_AVAILABILITY = YES_AGGRESSIVE;
				CLANG_WARN_UNREACHABLE_CODE = YES;
				CLANG_WARN__DUPLICATE_METHOD_MATCH = YES;
				COPY_PHASE_STRIP = NO;
				DEBUG_INFORMATION_FORMAT = dwarf;
				ENABLE_STRICT_OBJC_MSGSEND = YES;
				ENABLE_TESTABILITY = YES;
				GCC_C_LANGUAGE_STANDARD = gnu11;
				GCC_DYNAMIC_NO_PIC = NO;
				GCC_NO_COMMON_BLOCKS = YES;
				GCC_OPTIMIZATION_LEVEL = 0;
				GCC_PREPROCESSOR_DEFINITIONS = (
					"DEBUG=1",
					"$(inherited)",
				);
				GCC_WARN_64_TO_32_BIT_CONVERSION = YES;
				GCC_WARN_ABOUT_RETURN_TYPE = YES_ERROR;
				GCC_WARN_UNDECLARED_SELECTOR = YES;
				GCC_WARN_UNINITIALIZED_AUTOS = YES_AGGRESSIVE;
				GCC_WARN_UNUSED_FUNCTION = YES;
				GCC_WARN_UNUSED_VARIABLE = YES;
				IPHONEOS_DEPLOYMENT_TARGET = 14.3;
				MTL_ENABLE_DEBUG_INFO = INCLUDE_SOURCE;
				MTL_FAST_MATH = YES;
				ONLY_ACTIVE_ARCH = YES;
				SDKROOT = iphoneos;
				SWIFT_ACTIVE_COMPILATION_CONDITIONS = DEBUG;
				SWIFT_OPTIMIZATION_LEVEL = "-Onone";
			};
			name = Debug;
		};
		D947C7452595355D0026589E /* Release */ = {
			isa = XCBuildConfiguration;
			buildSettings = {
				ALWAYS_SEARCH_USER_PATHS = NO;
				CLANG_ANALYZER_NONNULL = YES;
				CLANG_ANALYZER_NUMBER_OBJECT_CONVERSION = YES_AGGRESSIVE;
				CLANG_CXX_LANGUAGE_STANDARD = "gnu++14";
				CLANG_CXX_LIBRARY = "libc++";
				CLANG_ENABLE_MODULES = YES;
				CLANG_ENABLE_OBJC_ARC = YES;
				CLANG_ENABLE_OBJC_WEAK = YES;
				CLANG_WARN_BLOCK_CAPTURE_AUTORELEASING = YES;
				CLANG_WARN_BOOL_CONVERSION = YES;
				CLANG_WARN_COMMA = YES;
				CLANG_WARN_CONSTANT_CONVERSION = YES;
				CLANG_WARN_DEPRECATED_OBJC_IMPLEMENTATIONS = YES;
				CLANG_WARN_DIRECT_OBJC_ISA_USAGE = YES_ERROR;
				CLANG_WARN_DOCUMENTATION_COMMENTS = YES;
				CLANG_WARN_EMPTY_BODY = YES;
				CLANG_WARN_ENUM_CONVERSION = YES;
				CLANG_WARN_INFINITE_RECURSION = YES;
				CLANG_WARN_INT_CONVERSION = YES;
				CLANG_WARN_NON_LITERAL_NULL_CONVERSION = YES;
				CLANG_WARN_OBJC_IMPLICIT_RETAIN_SELF = YES;
				CLANG_WARN_OBJC_LITERAL_CONVERSION = YES;
				CLANG_WARN_OBJC_ROOT_CLASS = YES_ERROR;
				CLANG_WARN_QUOTED_INCLUDE_IN_FRAMEWORK_HEADER = YES;
				CLANG_WARN_RANGE_LOOP_ANALYSIS = YES;
				CLANG_WARN_STRICT_PROTOTYPES = YES;
				CLANG_WARN_SUSPICIOUS_MOVE = YES;
				CLANG_WARN_UNGUARDED_AVAILABILITY = YES_AGGRESSIVE;
				CLANG_WARN_UNREACHABLE_CODE = YES;
				CLANG_WARN__DUPLICATE_METHOD_MATCH = YES;
				COPY_PHASE_STRIP = NO;
				DEBUG_INFORMATION_FORMAT = "dwarf-with-dsym";
				ENABLE_NS_ASSERTIONS = NO;
				ENABLE_STRICT_OBJC_MSGSEND = YES;
				GCC_C_LANGUAGE_STANDARD = gnu11;
				GCC_NO_COMMON_BLOCKS = YES;
				GCC_WARN_64_TO_32_BIT_CONVERSION = YES;
				GCC_WARN_ABOUT_RETURN_TYPE = YES_ERROR;
				GCC_WARN_UNDECLARED_SELECTOR = YES;
				GCC_WARN_UNINITIALIZED_AUTOS = YES_AGGRESSIVE;
				GCC_WARN_UNUSED_FUNCTION = YES;
				GCC_WARN_UNUSED_VARIABLE = YES;
				IPHONEOS_DEPLOYMENT_TARGET = 14.3;
				MTL_ENABLE_DEBUG_INFO = NO;
				MTL_FAST_MATH = YES;
				SDKROOT = iphoneos;
				SWIFT_COMPILATION_MODE = wholemodule;
				SWIFT_OPTIMIZATION_LEVEL = "-O";
				VALIDATE_PRODUCT = YES;
			};
			name = Release;
		};
		D947C7472595355D0026589E /* Debug */ = {
			isa = XCBuildConfiguration;
			buildSettings = {
				ASSETCATALOG_COMPILER_APPICON_NAME = AppIcon;
				ASSETCATALOG_COMPILER_GLOBAL_ACCENT_COLOR_NAME = AccentColor;
				CODE_SIGN_STYLE = Automatic;
				DEVELOPMENT_ASSET_PATHS = "\"SeeFood/Preview Content\"";
				DEVELOPMENT_TEAM = ZDNL2LMTA2;
				ENABLE_PREVIEWS = YES;
				INFOPLIST_FILE = SeeFood/Info.plist;
				IPHONEOS_DEPLOYMENT_TARGET = 14.0;
				LD_RUNPATH_SEARCH_PATHS = (
					"$(inherited)",
					"@executable_path/Frameworks",
				);
				PRODUCT_BUNDLE_IDENTIFIER = j43cheun.SeeFood;
				PRODUCT_NAME = "$(TARGET_NAME)";
				SWIFT_VERSION = 5.0;
				TARGETED_DEVICE_FAMILY = "1,2";
			};
			name = Debug;
		};
		D947C7482595355D0026589E /* Release */ = {
			isa = XCBuildConfiguration;
			buildSettings = {
				ASSETCATALOG_COMPILER_APPICON_NAME = AppIcon;
				ASSETCATALOG_COMPILER_GLOBAL_ACCENT_COLOR_NAME = AccentColor;
				CODE_SIGN_STYLE = Automatic;
				DEVELOPMENT_ASSET_PATHS = "\"SeeFood/Preview Content\"";
				DEVELOPMENT_TEAM = ZDNL2LMTA2;
				ENABLE_PREVIEWS = YES;
				INFOPLIST_FILE = SeeFood/Info.plist;
				IPHONEOS_DEPLOYMENT_TARGET = 14.0;
				LD_RUNPATH_SEARCH_PATHS = (
					"$(inherited)",
					"@executable_path/Frameworks",
				);
				PRODUCT_BUNDLE_IDENTIFIER = j43cheun.SeeFood;
				PRODUCT_NAME = "$(TARGET_NAME)";
				SWIFT_VERSION = 5.0;
				TARGETED_DEVICE_FAMILY = "1,2";
			};
			name = Release;
		};
/* End XCBuildConfiguration section */

/* Begin XCConfigurationList section */
		D947C72D2595355C0026589E /* Build configuration list for PBXProject "SeeFood" */ = {
			isa = XCConfigurationList;
			buildConfigurations = (
				D947C7442595355D0026589E /* Debug */,
				D947C7452595355D0026589E /* Release */,
			);
			defaultConfigurationIsVisible = 0;
			defaultConfigurationName = Release;
		};
		D947C7462595355D0026589E /* Build configuration list for PBXNativeTarget "SeeFood" */ = {
			isa = XCConfigurationList;
			buildConfigurations = (
				D947C7472595355D0026589E /* Debug */,
				D947C7482595355D0026589E /* Release */,
			);
			defaultConfigurationIsVisible = 0;
			defaultConfigurationName = Release;
		};
/* End XCConfigurationList section */

/* Begin XCVersionGroup section */
		D947C7402595355C0026589E /* SeeFood.xcdatamodeld */ = {
			isa = XCVersionGroup;
			children = (
				D947C7412595355C0026589E /* SeeFood.xcdatamodel */,
			);
			currentVersion = D947C7412595355C0026589E /* SeeFood.xcdatamodel */;
			path = SeeFood.xcdatamodeld;
			sourceTree = "<group>";
			versionGroupType = wrapper.xcdatamodel;
		};
/* End XCVersionGroup section */
	};
	rootObject = D947C72A2595355C0026589E /* Project object */;
}
